
Microsoft Visual Studio Solution File, Format Version 12.00
# Visual Studio Version 17
VisualStudioVersion = 17.5.002.0
MinimumVisualStudioVersion = 10.0.40219.1
Project("{9A19103F-16F7-4668-BE54-9A1E7A4F7556}") = "SmallC", "SmallC\SmallC.csproj", "{4A8742DC-9D60-4CBF-B2C9-8C81EFF467C7}"
EndProject
Global
	GlobalSection(SolutionConfigurationPlatforms) = preSolution
		Debug|Any CPU = Debug|Any CPU
		Release|Any CPU = Release|Any CPU
	EndGlobalSection
	GlobalSection(ProjectConfigurationPlatforms) = postSolution
		{4A8742DC-9D60-4CBF-B2C9-8C81EFF467C7}.Debug|Any CPU.ActiveCfg = Debug|Any CPU
		{4A8742DC-9D60-4CBF-B2C9-8C81EFF467C7}.Debug|Any CPU.Build.0 = Debug|Any CPU
		{4A8742DC-9D60-4CBF-B2C9-8C81EFF467C7}.Release|Any CPU.ActiveCfg = Release|Any CPU
		{4A8742DC-9D60-4CBF-B2C9-8C81EFF467C7}.Release|Any CPU.Build.0 = Release|Any CPU
	EndGlobalSection
	GlobalSection(SolutionProperties) = preSolution
		HideSolutionNode = FALSE
	EndGlobalSection
	GlobalSection(ExtensibilityGlobals) = postSolution
		SolutionGuid = {7BCE1832-87C7-4DF8-90A0-35E3E7FE7575}
	EndGlobalSection
EndGlobal
